<?xml version="1.0" encoding="utf-8"?>
<Project ToolsVersion="4.0" xmlns="http://schemas.microsoft.com/developer/msbuild/2003">
  <ItemGroup>
    <Filter Include="리소스 파일">
      <UniqueIdentifier>{67DA6AB6-F800-4c08-8B7A-83BB121AAD01}</UniqueIdentifier>
      <Extensions>rc;ico;cur;bmp;dlg;rc2;rct;bin;rgs;gif;jpg;jpeg;jpe;resx;tiff;tif;png;wav;mfcribbon-ms</Extensions>
    </Filter>
    <Filter Include="src">
      <UniqueIdentifier>{24607f02-6340-4616-bd22-e7c07cf7a565}</UniqueIdentifier>
    </Filter>
    <Filter Include="src\deps">
      <UniqueIdentifier>{56fdb4d9-6ca6-4de8-b87f-6142cc71639a}</UniqueIdentifier>
    </Filter>
    <Filter Include="src\deps\rapidjson">
      <UniqueIdentifier>{995b73c9-bf50-41a4-b788-700f8421f23b}</UniqueIdentifier>
    </Filter>
    <Filter Include="src\deps\jsoncpp">
      <UniqueIdentifier>{9f7ea376-136b-49b8-b40b-1b8966f3db85}</UniqueIdentifier>
    </Filter>
    <Filter Include="src\deps\jsoncpp\src">
      <UniqueIdentifier>{645b1fb7-961a-4ee8-93f5-a3ce65d4710e}</UniqueIdentifier>
    </Filter>
    <Filter Include="src\deps\libjson">
      <UniqueIdentifier>{8e849060-f860-4fd3-b729-6dcaf4b1b925}</UniqueIdentifier>
    </Filter>
    <Filter Include="src\deps\libjson\src">
      <UniqueIdentifier>{9b7d3ea2-a7f7-462d-9289-5312a21c86e9}</UniqueIdentifier>
    </Filter>
  </ItemGroup>
  <ItemGroup>
    <ClInclude Include="stdafx.h">
      <Filter>src</Filter>
    </ClInclude>
    <ClInclude Include="targetver.h">
      <Filter>src</Filter>
    </ClInclude>
    <ClInclude Include="deps\rapidjson\document.h">
      <Filter>src\deps\rapidjson</Filter>
    </ClInclude>
    <ClInclude Include="deps\rapidjson\filestream.h">
      <Filter>src\deps\rapidjson</Filter>
    </ClInclude>
    <ClInclude Include="deps\rapidjson\prettywriter.h">
      <Filter>src\deps\rapidjson</Filter>
    </ClInclude>
    <ClInclude Include="deps\rapidjson\rapidjson.h">
      <Filter>src\deps\rapidjson</Filter>
    </ClInclude>
    <ClInclude Include="deps\rapidjson\reader.h">
      <Filter>src\deps\rapidjson</Filter>
    </ClInclude>
    <ClInclude Include="deps\rapidjson\stringbuffer.h">
      <Filter>src\deps\rapidjson</Filter>
    </ClInclude>
    <ClInclude Include="deps\rapidjson\writer.h">
      <Filter>src\deps\rapidjson</Filter>
    </ClInclude>
    <ClInclude Include="json_test.h">
      <Filter>src</Filter>
    </ClInclude>
    <ClInclude Include="deps\json\autolink.h">
      <Filter>src\deps\jsoncpp</Filter>
    </ClInclude>
    <ClInclude Include="deps\json\config.h">
      <Filter>src\deps\jsoncpp</Filter>
    </ClInclude>
    <ClInclude Include="deps\json\features.h">
      <Filter>src\deps\jsoncpp</Filter>
    </ClInclude>
    <ClInclude Include="deps\json\forwards.h">
      <Filter>src\deps\jsoncpp</Filter>
    </ClInclude>
    <ClInclude Include="deps\json\json.h">
      <Filter>src\deps\jsoncpp</Filter>
    </ClInclude>
    <ClInclude Include="deps\json\reader.h">
      <Filter>src\deps\jsoncpp</Filter>
    </ClInclude>
    <ClInclude Include="deps\json\value.h">
      <Filter>src\deps\jsoncpp</Filter>
    </ClInclude>
    <ClInclude Include="deps\json\writer.h">
      <Filter>src\deps\jsoncpp</Filter>
    </ClInclude>
    <ClInclude Include="deps\libjson\JSONOptions.h">
      <Filter>src\deps\libjson</Filter>
    </ClInclude>
    <ClInclude Include="deps\libjson\libjson.h">
      <Filter>src\deps\libjson</Filter>
    </ClInclude>
  </ItemGroup>
  <ItemGroup>
    <ClCompile Include="JsonTest.cpp">
      <Filter>src</Filter>
    </ClCompile>
    <ClCompile Include="stdafx.cpp">
      <Filter>src</Filter>
    </ClCompile>
    <ClCompile Include="test_libjson.cpp">
      <Filter>src</Filter>
    </ClCompile>
    <ClCompile Include="test_rapidjson.cpp">
      <Filter>src</Filter>
    </ClCompile>
    <ClCompile Include="deps\json\src\lib_json\json_reader.cpp">
      <Filter>src\deps\jsoncpp\src</Filter>
    </ClCompile>
    <ClCompile Include="deps\json\src\lib_json\json_value.cpp">
      <Filter>src\deps\jsoncpp\src</Filter>
    </ClCompile>
    <ClCompile Include="deps\json\src\lib_json\json_writer.cpp">
      <Filter>src\deps\jsoncpp\src</Filter>
    </ClCompile>
    <ClCompile Include="test_jsoncpp.cpp">
      <Filter>src</Filter>
    </ClCompile>
    <ClCompile Include="test_push_back.cpp">
      <Filter>src</Filter>
    </ClCompile>
    <ClCompile Include="test_memcpy.cpp">
      <Filter>src</Filter>
    </ClCompile>
    <ClCompile Include="deps\libjson\Source\internalJSONNode.cpp">
      <Filter>src\deps\libjson\src</Filter>
    </ClCompile>
    <ClCompile Include="deps\libjson\Source\JSONAllocator.cpp">
      <Filter>src\deps\libjson\src</Filter>
    </ClCompile>
    <ClCompile Include="deps\libjson\Source\JSONChildren.cpp">
      <Filter>src\deps\libjson\src</Filter>
    </ClCompile>
    <ClCompile Include="deps\libjson\Source\JSONDebug.cpp">
      <Filter>src\deps\libjson\src</Filter>
    </ClCompile>
    <ClCompile Include="deps\libjson\Source\JSONIterators.cpp">
      <Filter>src\deps\libjson\src</Filter>
    </ClCompile>
    <ClCompile Include="deps\libjson\Source\JSONMemory.cpp">
      <Filter>src\deps\libjson\src</Filter>
    </ClCompile>
    <ClCompile Include="deps\libjson\Source\JSONNode.cpp">
      <Filter>src\deps\libjson\src</Filter>
    </ClCompile>
    <ClCompile Include="deps\libjson\Source\JSONNode_Mutex.cpp">
      <Filter>src\deps\libjson\src</Filter>
    </ClCompile>
    <ClCompile Include="deps\libjson\Source\JSONPreparse.cpp">
      <Filter>src\deps\libjson\src</Filter>
    </ClCompile>
    <ClCompile Include="deps\libjson\Source\JSONStream.cpp">
      <Filter>src\deps\libjson\src</Filter>
    </ClCompile>
    <ClCompile Include="deps\libjson\Source\JSONValidator.cpp">
      <Filter>src\deps\libjson\src</Filter>
    </ClCompile>
    <ClCompile Include="deps\libjson\Source\JSONWorker.cpp">
      <Filter>src\deps\libjson\src</Filter>
    </ClCompile>
    <ClCompile Include="deps\libjson\Source\JSONWriter.cpp">
      <Filter>src\deps\libjson\src</Filter>
    </ClCompile>
    <ClCompile Include="deps\libjson\Source\libjson.cpp">
      <Filter>src\deps\libjson\src</Filter>
    </ClCompile>
  </ItemGroup>
  <ItemGroup>
    <Text Include="ReadMe.md" />
  </ItemGroup>
</Project>